// !$*UTF8*$!
{
	archiveVersion = 1;
	classes = {
	};
	objectVersion = 47;
	objects = {

/* Begin PBXBuildFile section */
		343FA894218ACB52005C7001 /* ARCarMovementTests.swift in Sources */ = {isa = PBXBuildFile; fileRef = 343FA893218ACB52005C7001 /* ARCarMovementTests.swift */; };
		363671A50CD8AE8C63A9E663 /* Pods_ARCarMovement.framework in Frameworks */ = {isa = PBXBuildFile; fileRef = 2DE2196FB7F26D597796831E /* Pods_ARCarMovement.framework */; settings = {ATTRIBUTES = (Required, ); }; };
		7BDA878D1EBB564C0048CD44 /* main.m in Sources */ = {isa = PBXBuildFile; fileRef = 7BDA878C1EBB564C0048CD44 /* main.m */; };
		7BDA87901EBB564C0048CD44 /* AppDelegate.m in Sources */ = {isa = PBXBuildFile; fileRef = 7BDA878F1EBB564C0048CD44 /* AppDelegate.m */; };
		7BDA87931EBB564C0048CD44 /* ViewController.m in Sources */ = {isa = PBXBuildFile; fileRef = 7BDA87921EBB564C0048CD44 /* ViewController.m */; };
		7BDA87961EBB564C0048CD44 /* Main.storyboard in Resources */ = {isa = PBXBuildFile; fileRef = 7BDA87941EBB564C0048CD44 /* Main.storyboard */; };
		7BDA87981EBB564C0048CD44 /* Assets.xcassets in Resources */ = {isa = PBXBuildFile; fileRef = 7BDA87971EBB564C0048CD44 /* Assets.xcassets */; };
		7BDA879B1EBB564C0048CD44 /* LaunchScreen.storyboard in Resources */ = {isa = PBXBuildFile; fileRef = 7BDA87991EBB564C0048CD44 /* LaunchScreen.storyboard */; };
		7BE0A88D1EBC419400C08FA5 /* Accelerate.framework in Frameworks */ = {isa = PBXBuildFile; fileRef = 7BE0A88C1EBC419400C08FA5 /* Accelerate.framework */; };
		7BE0A88F1EBC419E00C08FA5 /* CoreData.framework in Frameworks */ = {isa = PBXBuildFile; fileRef = 7BE0A88E1EBC419E00C08FA5 /* CoreData.framework */; };
		7BE0A8911EBC41A900C08FA5 /* CoreGraphics.framework in Frameworks */ = {isa = PBXBuildFile; fileRef = 7BE0A8901EBC41A900C08FA5 /* CoreGraphics.framework */; };
		7BE0A8931EBC41B400C08FA5 /* CoreLocation.framework in Frameworks */ = {isa = PBXBuildFile; fileRef = 7BE0A8921EBC41B400C08FA5 /* CoreLocation.framework */; };
		7BE0A8951EBC41BC00C08FA5 /* CoreText.framework in Frameworks */ = {isa = PBXBuildFile; fileRef = 7BE0A8941EBC41BC00C08FA5 /* CoreText.framework */; };
		7BE0A8971EBC41C300C08FA5 /* GLKit.framework in Frameworks */ = {isa = PBXBuildFile; fileRef = 7BE0A8961EBC41C300C08FA5 /* GLKit.framework */; };
		7BE0A8991EBC41CB00C08FA5 /* ImageIO.framework in Frameworks */ = {isa = PBXBuildFile; fileRef = 7BE0A8981EBC41CB00C08FA5 /* ImageIO.framework */; };
		7BE0A89B1EBC41DC00C08FA5 /* libc++.tbd in Frameworks */ = {isa = PBXBuildFile; fileRef = 7BE0A89A1EBC41DC00C08FA5 /* libc++.tbd */; };
		7BE0A89D1EBC41E600C08FA5 /* libz.tbd in Frameworks */ = {isa = PBXBuildFile; fileRef = 7BE0A89C1EBC41E600C08FA5 /* libz.tbd */; };
		7BE0A89F1EBC41F100C08FA5 /* OpenGLES.framework in Frameworks */ = {isa = PBXBuildFile; fileRef = 7BE0A89E1EBC41F100C08FA5 /* OpenGLES.framework */; };
		7BE0A8A11EBC41FB00C08FA5 /* SystemConfiguration.framework in Frameworks */ = {isa = PBXBuildFile; fileRef = 7BE0A8A01EBC41FB00C08FA5 /* SystemConfiguration.framework */; };
		7BE0A8A31EBC58C000C08FA5 /* coordinates.json in Resources */ = {isa = PBXBuildFile; fileRef = 7BE0A8A21EBC58C000C08FA5 /* coordinates.json */; };
		DEEC0D34214A46DB0096B9A5 /* ARCarMovement.swift in Sources */ = {isa = PBXBuildFile; fileRef = 7B4897361F9F3A8800227B1D /* ARCarMovement.swift */; };
/* End PBXBuildFile section */

/* Begin PBXContainerItemProxy section */
		343FA896218ACB52005C7001 /* PBXContainerItemProxy */ = {
			isa = PBXContainerItemProxy;
			containerPortal = 7BDA87801EBB564C0048CD44 /* Project object */;
			proxyType = 1;
			remoteGlobalIDString = 7BDA87871EBB564C0048CD44;
			remoteInfo = ARCarMovement;
		};
/* End PBXContainerItemProxy section */

/* Begin PBXFileReference section */
		2DE2196FB7F26D597796831E /* Pods_ARCarMovement.framework */ = {isa = PBXFileReference; explicitFileType = wrapper.framework; includeInIndex = 0; path = Pods_ARCarMovement.framework; sourceTree = BUILT_PRODUCTS_DIR; };
		343FA891218ACB51005C7001 /* ARCarMovementTests.xctest */ = {isa = PBXFileReference; explicitFileType = wrapper.cfbundle; includeInIndex = 0; path = ARCarMovementTests.xctest; sourceTree = BUILT_PRODUCTS_DIR; };
		343FA893218ACB52005C7001 /* ARCarMovementTests.swift */ = {isa = PBXFileReference; lastKnownFileType = sourcecode.swift; path = ARCarMovementTests.swift; sourceTree = "<group>"; };
		343FA895218ACB52005C7001 /* Info.plist */ = {isa = PBXFileReference; lastKnownFileType = text.plist.xml; path = Info.plist; sourceTree = "<group>"; };
		5680AFD25D6849914F2AE547 /* Pods-ARCarMovement.debug.xcconfig */ = {isa = PBXFileReference; includeInIndex = 1; lastKnownFileType = text.xcconfig; name = "Pods-ARCarMovement.debug.xcconfig"; path = "Pods/Target Support Files/Pods-ARCarMovement/Pods-ARCarMovement.debug.xcconfig"; sourceTree = "<group>"; };
		7B4897361F9F3A8800227B1D /* ARCarMovement.swift */ = {isa = PBXFileReference; lastKnownFileType = sourcecode.swift; path = ARCarMovement.swift; sourceTree = "<group>"; };
		7B4897371F9F3AB400227B1D /* ARCarMovement-Bridging-Header.h */ = {isa = PBXFileReference; lastKnownFileType = sourcecode.c.h; path = "ARCarMovement-Bridging-Header.h"; sourceTree = "<group>"; };
		7BDA87881EBB564C0048CD44 /* ARCarMovement.app */ = {isa = PBXFileReference; explicitFileType = wrapper.application; includeInIndex = 0; path = ARCarMovement.app; sourceTree = BUILT_PRODUCTS_DIR; };
		7BDA878C1EBB564C0048CD44 /* main.m */ = {isa = PBXFileReference; lastKnownFileType = sourcecode.c.objc; path = main.m; sourceTree = "<group>"; };
		7BDA878E1EBB564C0048CD44 /* AppDelegate.h */ = {isa = PBXFileReference; lastKnownFileType = sourcecode.c.h; path = AppDelegate.h; sourceTree = "<group>"; };
		7BDA878F1EBB564C0048CD44 /* AppDelegate.m */ = {isa = PBXFileReference; lastKnownFileType = sourcecode.c.objc; path = AppDelegate.m; sourceTree = "<group>"; };
		7BDA87911EBB564C0048CD44 /* ViewController.h */ = {isa = PBXFileReference; lastKnownFileType = sourcecode.c.h; path = ViewController.h; sourceTree = "<group>"; };
		7BDA87921EBB564C0048CD44 /* ViewController.m */ = {isa = PBXFileReference; lastKnownFileType = sourcecode.c.objc; path = ViewController.m; sourceTree = "<group>"; };
		7BDA87951EBB564C0048CD44 /* Base */ = {isa = PBXFileReference; lastKnownFileType = file.storyboard; name = Base; path = Base.lproj/Main.storyboard; sourceTree = "<group>"; };
		7BDA87971EBB564C0048CD44 /* Assets.xcassets */ = {isa = PBXFileReference; lastKnownFileType = folder.assetcatalog; path = Assets.xcassets; sourceTree = "<group>"; };
		7BDA879A1EBB564C0048CD44 /* Base */ = {isa = PBXFileReference; lastKnownFileType = file.storyboard; name = Base; path = Base.lproj/LaunchScreen.storyboard; sourceTree = "<group>"; };
		7BDA879C1EBB564C0048CD44 /* Info.plist */ = {isa = PBXFileReference; lastKnownFileType = text.plist.xml; path = Info.plist; sourceTree = "<group>"; };
		7BDA87A31EBB567F0048CD44 /* MapKit.framework */ = {isa = PBXFileReference; lastKnownFileType = wrapper.framework; name = MapKit.framework; path = System/Library/Frameworks/MapKit.framework; sourceTree = SDKROOT; };
		7BE0A88C1EBC419400C08FA5 /* Accelerate.framework */ = {isa = PBXFileReference; lastKnownFileType = wrapper.framework; name = Accelerate.framework; path = System/Library/Frameworks/Accelerate.framework; sourceTree = SDKROOT; };
		7BE0A88E1EBC419E00C08FA5 /* CoreData.framework */ = {isa = PBXFileReference; lastKnownFileType = wrapper.framework; name = CoreData.framework; path = System/Library/Frameworks/CoreData.framework; sourceTree = SDKROOT; };
		7BE0A8901EBC41A900C08FA5 /* CoreGraphics.framework */ = {isa = PBXFileReference; lastKnownFileType = wrapper.framework; name = CoreGraphics.framework; path = System/Library/Frameworks/CoreGraphics.framework; sourceTree = SDKROOT; };
		7BE0A8921EBC41B400C08FA5 /* CoreLocation.framework */ = {isa = PBXFileReference; lastKnownFileType = wrapper.framework; name = CoreLocation.framework; path = System/Library/Frameworks/CoreLocation.framework; sourceTree = SDKROOT; };
		7BE0A8941EBC41BC00C08FA5 /* CoreText.framework */ = {isa = PBXFileReference; lastKnownFileType = wrapper.framework; name = CoreText.framework; path = System/Library/Frameworks/CoreText.framework; sourceTree = SDKROOT; };
		7BE0A8961EBC41C300C08FA5 /* GLKit.framework */ = {isa = PBXFileReference; lastKnownFileType = wrapper.framework; name = GLKit.framework; path = System/Library/Frameworks/GLKit.framework; sourceTree = SDKROOT; };
		7BE0A8981EBC41CB00C08FA5 /* ImageIO.framework */ = {isa = PBXFileReference; lastKnownFileType = wrapper.framework; name = ImageIO.framework; path = System/Library/Frameworks/ImageIO.framework; sourceTree = SDKROOT; };
		7BE0A89A1EBC41DC00C08FA5 /* libc++.tbd */ = {isa = PBXFileReference; lastKnownFileType = "sourcecode.text-based-dylib-definition"; name = "libc++.tbd"; path = "usr/lib/libc++.tbd"; sourceTree = SDKROOT; };
		7BE0A89C1EBC41E600C08FA5 /* libz.tbd */ = {isa = PBXFileReference; lastKnownFileType = "sourcecode.text-based-dylib-definition"; name = libz.tbd; path = usr/lib/libz.tbd; sourceTree = SDKROOT; };
		7BE0A89E1EBC41F100C08FA5 /* OpenGLES.framework */ = {isa = PBXFileReference; lastKnownFileType = wrapper.framework; name = OpenGLES.framework; path = System/Library/Frameworks/OpenGLES.framework; sourceTree = SDKROOT; };
		7BE0A8A01EBC41FB00C08FA5 /* SystemConfiguration.framework */ = {isa = PBXFileReference; lastKnownFileType = wrapper.framework; name = SystemConfiguration.framework; path = System/Library/Frameworks/SystemConfiguration.framework; sourceTree = SDKROOT; };
		7BE0A8A21EBC58C000C08FA5 /* coordinates.json */ = {isa = PBXFileReference; fileEncoding = 4; lastKnownFileType = text.json; path = coordinates.json; sourceTree = "<group>"; };
		85BE9E362D18E261502D6674 /* Pods-ARCarMovement.release.xcconfig */ = {isa = PBXFileReference; includeInIndex = 1; lastKnownFileType = text.xcconfig; name = "Pods-ARCarMovement.release.xcconfig"; path = "Pods/Target Support Files/Pods-ARCarMovement/Pods-ARCarMovement.release.xcconfig"; sourceTree = "<group>"; };
/* End PBXFileReference section */

/* Begin PBXFrameworksBuildPhase section */
		343FA88E218ACB51005C7001 /* Frameworks */ = {
			isa = PBXFrameworksBuildPhase;
			buildActionMask = 2147483647;
			files = (
			);
			runOnlyForDeploymentPostprocessing = 0;
		};
		7BDA87851EBB564C0048CD44 /* Frameworks */ = {
			isa = PBXFrameworksBuildPhase;
			buildActionMask = 2147483647;
			files = (
				7BE0A8A11EBC41FB00C08FA5 /* SystemConfiguration.framework in Frameworks */,
				7BE0A89F1EBC41F100C08FA5 /* OpenGLES.framework in Frameworks */,
				7BE0A89D1EBC41E600C08FA5 /* libz.tbd in Frameworks */,
				7BE0A89B1EBC41DC00C08FA5 /* libc++.tbd in Frameworks */,
				7BE0A8991EBC41CB00C08FA5 /* ImageIO.framework in Frameworks */,
				7BE0A8971EBC41C300C08FA5 /* GLKit.framework in Frameworks */,
				7BE0A8951EBC41BC00C08FA5 /* CoreText.framework in Frameworks */,
				7BE0A8931EBC41B400C08FA5 /* CoreLocation.framework in Frameworks */,
				7BE0A8911EBC41A900C08FA5 /* CoreGraphics.framework in Frameworks */,
				7BE0A88F1EBC419E00C08FA5 /* CoreData.framework in Frameworks */,
				7BE0A88D1EBC419400C08FA5 /* Accelerate.framework in Frameworks */,
				363671A50CD8AE8C63A9E663 /* Pods_ARCarMovement.framework in Frameworks */,
			);
			runOnlyForDeploymentPostprocessing = 0;
		};
/* End PBXFrameworksBuildPhase section */

/* Begin PBXGroup section */
		343FA892218ACB52005C7001 /* ARCarMovementTests */ = {
			isa = PBXGroup;
			children = (
				343FA893218ACB52005C7001 /* ARCarMovementTests.swift */,
				343FA895218ACB52005C7001 /* Info.plist */,
			);
			path = ARCarMovementTests;
			sourceTree = "<group>";
		};
		58916E6D34FCA0A8B9C4E6FA /* Pods */ = {
			isa = PBXGroup;
			children = (
				5680AFD25D6849914F2AE547 /* Pods-ARCarMovement.debug.xcconfig */,
				85BE9E362D18E261502D6674 /* Pods-ARCarMovement.release.xcconfig */,
			);
			name = Pods;
			sourceTree = "<group>";
		};
		7BDA877F1EBB564C0048CD44 = {
			isa = PBXGroup;
			children = (
				7BDA878A1EBB564C0048CD44 /* ARCarMovement */,
				343FA892218ACB52005C7001 /* ARCarMovementTests */,
				7BDA87891EBB564C0048CD44 /* Products */,
				7BDA87A21EBB567E0048CD44 /* Frameworks */,
				58916E6D34FCA0A8B9C4E6FA /* Pods */,
			);
			sourceTree = "<group>";
		};
		7BDA87891EBB564C0048CD44 /* Products */ = {
			isa = PBXGroup;
			children = (
				7BDA87881EBB564C0048CD44 /* ARCarMovement.app */,
				343FA891218ACB51005C7001 /* ARCarMovementTests.xctest */,
			);
			name = Products;
			sourceTree = "<group>";
		};
		7BDA878A1EBB564C0048CD44 /* ARCarMovement */ = {
			isa = PBXGroup;
			children = (
				7BDA87A51EBB56E50048CD44 /* ARCarMovement */,
				7BDA878E1EBB564C0048CD44 /* AppDelegate.h */,
				7BDA878F1EBB564C0048CD44 /* AppDelegate.m */,
				7BDA87911EBB564C0048CD44 /* ViewController.h */,
				7BDA87921EBB564C0048CD44 /* ViewController.m */,
				7BDA87941EBB564C0048CD44 /* Main.storyboard */,
				7BDA87971EBB564C0048CD44 /* Assets.xcassets */,
				7BDA87991EBB564C0048CD44 /* LaunchScreen.storyboard */,
				7BDA879C1EBB564C0048CD44 /* Info.plist */,
				7BDA878B1EBB564C0048CD44 /* Supporting Files */,
			);
			path = ARCarMovement;
			sourceTree = "<group>";
		};
		7BDA878B1EBB564C0048CD44 /* Supporting Files */ = {
			isa = PBXGroup;
			children = (
				7BE0A8A21EBC58C000C08FA5 /* coordinates.json */,
				7BDA878C1EBB564C0048CD44 /* main.m */,
			);
			name = "Supporting Files";
			sourceTree = "<group>";
		};
		7BDA87A21EBB567E0048CD44 /* Frameworks */ = {
			isa = PBXGroup;
			children = (
				7BE0A8A01EBC41FB00C08FA5 /* SystemConfiguration.framework */,
				7BE0A89E1EBC41F100C08FA5 /* OpenGLES.framework */,
				7BE0A89C1EBC41E600C08FA5 /* libz.tbd */,
				7BE0A89A1EBC41DC00C08FA5 /* libc++.tbd */,
				7BE0A8981EBC41CB00C08FA5 /* ImageIO.framework */,
				7BE0A8961EBC41C300C08FA5 /* GLKit.framework */,
				7BE0A8941EBC41BC00C08FA5 /* CoreText.framework */,
				7BE0A8921EBC41B400C08FA5 /* CoreLocation.framework */,
				7BE0A8901EBC41A900C08FA5 /* CoreGraphics.framework */,
				7BE0A88E1EBC419E00C08FA5 /* CoreData.framework */,
				7BE0A88C1EBC419400C08FA5 /* Accelerate.framework */,
				7BDA87A31EBB567F0048CD44 /* MapKit.framework */,
				2DE2196FB7F26D597796831E /* Pods_ARCarMovement.framework */,
			);
			name = Frameworks;
			sourceTree = "<group>";
		};
		7BDA87A51EBB56E50048CD44 /* ARCarMovement */ = {
			isa = PBXGroup;
			children = (
				7B4897371F9F3AB400227B1D /* ARCarMovement-Bridging-Header.h */,
				7B4897361F9F3A8800227B1D /* ARCarMovement.swift */,
			);
			path = ARCarMovement;
			sourceTree = "<group>";
		};
/* End PBXGroup section */

/* Begin PBXNativeTarget section */
		343FA890218ACB51005C7001 /* ARCarMovementTests */ = {
			isa = PBXNativeTarget;
			buildConfigurationList = 343FA89A218ACB52005C7001 /* Build configuration list for PBXNativeTarget "ARCarMovementTests" */;
			buildPhases = (
				343FA88D218ACB51005C7001 /* Sources */,
				343FA88E218ACB51005C7001 /* Frameworks */,
				343FA88F218ACB51005C7001 /* Resources */,
			);
			buildRules = (
			);
			dependencies = (
				343FA897218ACB52005C7001 /* PBXTargetDependency */,
			);
			name = ARCarMovementTests;
			productName = ARCarMovementTests;
			productReference = 343FA891218ACB51005C7001 /* ARCarMovementTests.xctest */;
			productType = "com.apple.product-type.bundle.unit-test";
		};
		7BDA87871EBB564C0048CD44 /* ARCarMovement */ = {
			isa = PBXNativeTarget;
			buildConfigurationList = 7BDA879F1EBB564C0048CD44 /* Build configuration list for PBXNativeTarget "ARCarMovement" */;
			buildPhases = (
				59174C3485E37E5D26F6EF6D /* [CP] Check Pods Manifest.lock */,
				7BDA87841EBB564C0048CD44 /* Sources */,
				7BDA87851EBB564C0048CD44 /* Frameworks */,
				7BDA87861EBB564C0048CD44 /* Resources */,
				64C1D5F16EA2ED2AA1CC90B1 /* [CP] Copy Pods Resources */,
			);
			buildRules = (
			);
			dependencies = (
			);
			name = ARCarMovement;
			productName = ARCarMovement;
			productReference = 7BDA87881EBB564C0048CD44 /* ARCarMovement.app */;
			productType = "com.apple.product-type.application";
		};
/* End PBXNativeTarget section */

/* Begin PBXProject section */
		7BDA87801EBB564C0048CD44 /* Project object */ = {
			isa = PBXProject;
			attributes = {
				LastSwiftUpdateCheck = 1010;
				LastUpgradeCheck = 1020;
				ORGANIZATIONNAME = "Antony Raphel";
				TargetAttributes = {
					343FA890218ACB51005C7001 = {
						CreatedOnToolsVersion = 10.1;
						LastSwiftMigration = 1020;
						ProvisioningStyle = Automatic;
						TestTargetID = 7BDA87871EBB564C0048CD44;
					};
					7BDA87871EBB564C0048CD44 = {
						CreatedOnToolsVersion = 8.2.1;
						LastSwiftMigration = 1020;
						ProvisioningStyle = Manual;
					};
				};
			};
			buildConfigurationList = 7BDA87831EBB564C0048CD44 /* Build configuration list for PBXProject "ARCarMovement" */;
			compatibilityVersion = "Xcode 6.3";
			developmentRegion = English;
			hasScannedForEncodings = 0;
			knownRegions = (
				English,
				en,
				Base,
			);
			mainGroup = 7BDA877F1EBB564C0048CD44;
			productRefGroup = 7BDA87891EBB564C0048CD44 /* Products */;
			projectDirPath = "";
			projectRoot = "";
			targets = (
				7BDA87871EBB564C0048CD44 /* ARCarMovement */,
				343FA890218ACB51005C7001 /* ARCarMovementTests */,
			);
		};
/* End PBXProject section */

/* Begin PBXResourcesBuildPhase section */
		343FA88F218ACB51005C7001 /* Resources */ = {
			isa = PBXResourcesBuildPhase;
			buildActionMask = 2147483647;
			files = (
			);
			runOnlyForDeploymentPostprocessing = 0;
		};
		7BDA87861EBB564C0048CD44 /* Resources */ = {
			isa = PBXResourcesBuildPhase;
			buildActionMask = 2147483647;
			files = (
				7BE0A8A31EBC58C000C08FA5 /* coordinates.json in Resources */,
				7BDA879B1EBB564C0048CD44 /* LaunchScreen.storyboard in Resources */,
				7BDA87981EBB564C0048CD44 /* Assets.xcassets in Resources */,
				7BDA87961EBB564C0048CD44 /* Main.storyboard in Resources */,
			);
			runOnlyForDeploymentPostprocessing = 0;
		};
/* End PBXResourcesBuildPhase section */

/* Begin PBXShellScriptBuildPhase section */
		59174C3485E37E5D26F6EF6D /* [CP] Check Pods Manifest.lock */ = {
			isa = PBXShellScriptBuildPhase;
			buildActionMask = 2147483647;
			files = (
			);
			inputPaths = (
				"${PODS_PODFILE_DIR_PATH}/Podfile.lock",
				"${PODS_ROOT}/Manifest.lock",
			);
			name = "[CP] Check Pods Manifest.lock";
			outputPaths = (
				"$(DERIVED_FILE_DIR)/Pods-ARCarMovement-checkManifestLockResult.txt",
			);
			runOnlyForDeploymentPostprocessing = 0;
			shellPath = /bin/sh;
			shellScript = "diff \"${PODS_PODFILE_DIR_PATH}/Podfile.lock\" \"${PODS_ROOT}/Manifest.lock\" > /dev/null\nif [ $? != 0 ] ; then\n    # print error to STDERR\n    echo \"error: The sandbox is not in sync with the Podfile.lock. Run 'pod install' or update your CocoaPods installation.\" >&2\n    exit 1\nfi\n# This output is used by Xcode 'outputs' to avoid re-running this script phase.\necho \"SUCCESS\" > \"${SCRIPT_OUTPUT_FILE_0}\"\n";
			showEnvVarsInLog = 0;
		};
		64C1D5F16EA2ED2AA1CC90B1 /* [CP] Copy Pods Resources */ = {
			isa = PBXShellScriptBuildPhase;
			buildActionMask = 2147483647;
			files = (
			);
			inputPaths = (
				"${SRCROOT}/Pods/Target Support Files/Pods-ARCarMovement/Pods-ARCarMovement-resources.sh",
				"${PODS_ROOT}/GoogleMaps/Maps/Frameworks/GoogleMaps.framework/Resources/GoogleMaps.bundle",
			);
			name = "[CP] Copy Pods Resources";
			outputPaths = (
				"${TARGET_BUILD_DIR}/${UNLOCALIZED_RESOURCES_FOLDER_PATH}/GoogleMaps.bundle",
			);
			runOnlyForDeploymentPostprocessing = 0;
			shellPath = /bin/sh;
			shellScript = "\"${SRCROOT}/Pods/Target Support Files/Pods-ARCarMovement/Pods-ARCarMovement-resources.sh\"\n";
			showEnvVarsInLog = 0;
		};
/* End PBXShellScriptBuildPhase section */

/* Begin PBXSourcesBuildPhase section */
		343FA88D218ACB51005C7001 /* Sources */ = {
			isa = PBXSourcesBuildPhase;
			buildActionMask = 2147483647;
			files = (
				343FA894218ACB52005C7001 /* ARCarMovementTests.swift in Sources */,
			);
			runOnlyForDeploymentPostprocessing = 0;
		};
		7BDA87841EBB564C0048CD44 /* Sources */ = {
			isa = PBXSourcesBuildPhase;
			buildActionMask = 2147483647;
			files = (
				7BDA87931EBB564C0048CD44 /* ViewController.m in Sources */,
				7BDA87901EBB564C0048CD44 /* AppDelegate.m in Sources */,
				DEEC0D34214A46DB0096B9A5 /* ARCarMovement.swift in Sources */,
				7BDA878D1EBB564C0048CD44 /* main.m in Sources */,
			);
			runOnlyForDeploymentPostprocessing = 0;
		};
/* End PBXSourcesBuildPhase section */

/* Begin PBXTargetDependency section */
		343FA897218ACB52005C7001 /* PBXTargetDependency */ = {
			isa = PBXTargetDependency;
			target = 7BDA87871EBB564C0048CD44 /* ARCarMovement */;
			targetProxy = 343FA896218ACB52005C7001 /* PBXContainerItemProxy */;
		};
/* End PBXTargetDependency section */

/* Begin PBXVariantGroup section */
		7BDA87941EBB564C0048CD44 /* Main.storyboard */ = {
			isa = PBXVariantGroup;
			children = (
				7BDA87951EBB564C0048CD44 /* Base */,
			);
			name = Main.storyboard;
			sourceTree = "<group>";
		};
		7BDA87991EBB564C0048CD44 /* LaunchScreen.storyboard */ = {
			isa = PBXVariantGroup;
			children = (
				7BDA879A1EBB564C0048CD44 /* Base */,
			);
			name = LaunchScreen.storyboard;
			sourceTree = "<group>";
		};
/* End PBXVariantGroup section */

/* Begin XCBuildConfiguration section */
		343FA898218ACB52005C7001 /* Debug */ = {
			isa = XCBuildConfiguration;
			buildSettings = {
				BUNDLE_LOADER = "$(TEST_HOST)";
				CLANG_ANALYZER_NUMBER_OBJECT_CONVERSION = YES_AGGRESSIVE;
				CLANG_CXX_LANGUAGE_STANDARD = "gnu++14";
				CLANG_ENABLE_OBJC_WEAK = YES;
				CLANG_WARN_UNGUARDED_AVAILABILITY = YES_AGGRESSIVE;
				CODE_SIGN_IDENTITY = "iPhone Developer";
				CODE_SIGN_STYLE = Automatic;
				GCC_C_LANGUAGE_STANDARD = gnu11;
				INFOPLIST_FILE = ARCarMovementTests/Info.plist;
				IPHONEOS_DEPLOYMENT_TARGET = 12.1;
				LD_RUNPATH_SEARCH_PATHS = "$(inherited) @executable_path/Frameworks @loader_path/Frameworks";
				MTL_ENABLE_DEBUG_INFO = INCLUDE_SOURCE;
				MTL_FAST_MATH = YES;
				PRODUCT_BUNDLE_IDENTIFIER = antonyraphel.ARCarMovementTests;
				PRODUCT_NAME = "$(TARGET_NAME)";
				SWIFT_ACTIVE_COMPILATION_CONDITIONS = DEBUG;
				SWIFT_OPTIMIZATION_LEVEL = "-Onone";
				SWIFT_VERSION = 5.0;
				TARGETED_DEVICE_FAMILY = "1,2";
				TEST_HOST = "$(BUILT_PRODUCTS_DIR)/ARCarMovement.app/ARCarMovement";
			};
			name = Debug;
		};
		343FA899218ACB52005C7001 /* Release */ = {
			isa = XCBuildConfiguration;
			buildSettings = {
				BUNDLE_LOADER = "$(TEST_HOST)";
				CLANG_ANALYZER_NUMBER_OBJECT_CONVERSION = YES_AGGRESSIVE;
				CLANG_CXX_LANGUAGE_STANDARD = "gnu++14";
				CLANG_ENABLE_OBJC_WEAK = YES;
				CLANG_WARN_UNGUARDED_AVAILABILITY = YES_AGGRESSIVE;
				CODE_SIGN_IDENTITY = "iPhone Developer";
				CODE_SIGN_STYLE = Automatic;
				GCC_C_LANGUAGE_STANDARD = gnu11;
				INFOPLIST_FILE = ARCarMovementTests/Info.plist;
				IPHONEOS_DEPLOYMENT_TARGET = 12.1;
				LD_RUNPATH_SEARCH_PATHS = "$(inherited) @executable_path/Frameworks @loader_path/Frameworks";
				MTL_FAST_MATH = YES;
				PRODUCT_BUNDLE_IDENTIFIER = antonyraphel.ARCarMovementTests;
				PRODUCT_NAME = "$(TARGET_NAME)";
				SWIFT_OPTIMIZATION_LEVEL = "-O";
				SWIFT_VERSION = 5.0;
				TARGETED_DEVICE_FAMILY = "1,2";
				TEST_HOST = "$(BUILT_PRODUCTS_DIR)/ARCarMovement.app/ARCarMovement";
			};
			name = Release;
		};
		7BDA879D1EBB564C0048CD44 /* Debug */ = {
			isa = XCBuildConfiguration;
			buildSettings = {
				ALWAYS_SEARCH_USER_PATHS = NO;
				CLANG_ANALYZER_LOCALIZABILITY_NONLOCALIZED = YES;
				CLANG_ANALYZER_NONNULL = YES;
				CLANG_CXX_LANGUAGE_STANDARD = "gnu++0x";
				CLANG_CXX_LIBRARY = "libc++";
				CLANG_ENABLE_MODULES = YES;
				CLANG_ENABLE_OBJC_ARC = YES;
				CLANG_WARN_BLOCK_CAPTURE_AUTORELEASING = YES;
				CLANG_WARN_BOOL_CONVERSION = YES;
				CLANG_WARN_COMMA = YES;
				CLANG_WARN_CONSTANT_CONVERSION = YES;
				CLANG_WARN_DEPRECATED_OBJC_IMPLEMENTATIONS = YES;
				CLANG_WARN_DIRECT_OBJC_ISA_USAGE = YES_ERROR;
				CLANG_WARN_DOCUMENTATION_COMMENTS = YES;
				CLANG_WARN_EMPTY_BODY = YES;
				CLANG_WARN_ENUM_CONVERSION = YES;
				CLANG_WARN_INFINITE_RECURSION = YES;
				CLANG_WARN_INT_CONVERSION = YES;
				CLANG_WARN_NON_LITERAL_NULL_CONVERSION = YES;
				CLANG_WARN_OBJC_IMPLICIT_RETAIN_SELF = YES;
				CLANG_WARN_OBJC_LITERAL_CONVERSION = YES;
				CLANG_WARN_OBJC_ROOT_CLASS = YES_ERROR;
				CLANG_WARN_RANGE_LOOP_ANALYSIS = YES;
				CLANG_WARN_STRICT_PROTOTYPES = YES;
				CLANG_WARN_SUSPICIOUS_MOVE = YES;
				CLANG_WARN_UNREACHABLE_CODE = YES;
				CLANG_WARN__DUPLICATE_METHOD_MATCH = YES;
				"CODE_SIGN_IDENTITY[sdk=iphoneos*]" = "iPhone Developer";
				COPY_PHASE_STRIP = NO;
				DEBUG_INFORMATION_FORMAT = dwarf;
				ENABLE_STRICT_OBJC_MSGSEND = YES;
				ENABLE_TESTABILITY = YES;
				GCC_C_LANGUAGE_STANDARD = gnu99;
				GCC_DYNAMIC_NO_PIC = NO;
				GCC_NO_COMMON_BLOCKS = YES;
				GCC_OPTIMIZATION_LEVEL = 0;
				GCC_PREPROCESSOR_DEFINITIONS = (
					"DEBUG=1",
					"$(inherited)",
				);
				GCC_WARN_64_TO_32_BIT_CONVERSION = YES;
				GCC_WARN_ABOUT_RETURN_TYPE = YES_ERROR;
				GCC_WARN_UNDECLARED_SELECTOR = YES;
				GCC_WARN_UNINITIALIZED_AUTOS = YES_AGGRESSIVE;
				GCC_WARN_UNUSED_FUNCTION = YES;
				GCC_WARN_UNUSED_VARIABLE = YES;
				IPHONEOS_DEPLOYMENT_TARGET = 9.0;
				MTL_ENABLE_DEBUG_INFO = YES;
				ONLY_ACTIVE_ARCH = YES;
				SDKROOT = iphoneos;
			};
			name = Debug;
		};
		7BDA879E1EBB564C0048CD44 /* Release */ = {
			isa = XCBuildConfiguration;
			buildSettings = {
				ALWAYS_SEARCH_USER_PATHS = NO;
				CLANG_ANALYZER_LOCALIZABILITY_NONLOCALIZED = YES;
				CLANG_ANALYZER_NONNULL = YES;
				CLANG_CXX_LANGUAGE_STANDARD = "gnu++0x";
				CLANG_CXX_LIBRARY = "libc++";
				CLANG_ENABLE_MODULES = YES;
				CLANG_ENABLE_OBJC_ARC = YES;
				CLANG_WARN_BLOCK_CAPTURE_AUTORELEASING = YES;
				CLANG_WARN_BOOL_CONVERSION = YES;
				CLANG_WARN_COMMA = YES;
				CLANG_WARN_CONSTANT_CONVERSION = YES;
				CLANG_WARN_DEPRECATED_OBJC_IMPLEMENTATIONS = YES;
				CLANG_WARN_DIRECT_OBJC_ISA_USAGE = YES_ERROR;
				CLANG_WARN_DOCUMENTATION_COMMENTS = YES;
				CLANG_WARN_EMPTY_BODY = YES;
				CLANG_WARN_ENUM_CONVERSION = YES;
				CLANG_WARN_INFINITE_RECURSION = YES;
				CLANG_WARN_INT_CONVERSION = YES;
				CLANG_WARN_NON_LITERAL_NULL_CONVERSION = YES;
				CLANG_WARN_OBJC_IMPLICIT_RETAIN_SELF = YES;
				CLANG_WARN_OBJC_LITERAL_CONVERSION = YES;
				CLANG_WARN_OBJC_ROOT_CLASS = YES_ERROR;
				CLANG_WARN_RANGE_LOOP_ANALYSIS = YES;
				CLANG_WARN_STRICT_PROTOTYPES = YES;
				CLANG_WARN_SUSPICIOUS_MOVE = YES;
				CLANG_WARN_UNREACHABLE_CODE = YES;
				CLANG_WARN__DUPLICATE_METHOD_MATCH = YES;
				"CODE_SIGN_IDENTITY[sdk=iphoneos*]" = "iPhone Developer";
				COPY_PHASE_STRIP = NO;
				DEBUG_INFORMATION_FORMAT = "dwarf-with-dsym";
				ENABLE_NS_ASSERTIONS = NO;
				ENABLE_STRICT_OBJC_MSGSEND = YES;
				GCC_C_LANGUAGE_STANDARD = gnu99;
				GCC_NO_COMMON_BLOCKS = YES;
				GCC_WARN_64_TO_32_BIT_CONVERSION = YES;
				GCC_WARN_ABOUT_RETURN_TYPE = YES_ERROR;
				GCC_WARN_UNDECLARED_SELECTOR = YES;
				GCC_WARN_UNINITIALIZED_AUTOS = YES_AGGRESSIVE;
				GCC_WARN_UNUSED_FUNCTION = YES;
				GCC_WARN_UNUSED_VARIABLE = YES;
				IPHONEOS_DEPLOYMENT_TARGET = 9.0;
				MTL_ENABLE_DEBUG_INFO = NO;
				SDKROOT = iphoneos;
				SWIFT_COMPILATION_MODE = wholemodule;
				VALIDATE_PRODUCT = YES;
			};
			name = Release;
		};
		7BDA87A01EBB564C0048CD44 /* Debug */ = {
			isa = XCBuildConfiguration;
			baseConfigurationReference = 5680AFD25D6849914F2AE547 /* Pods-ARCarMovement.debug.xcconfig */;
			buildSettings = {
				ALWAYS_EMBED_SWIFT_STANDARD_LIBRARIES = YES;
				ASSETCATALOG_COMPILER_APPICON_NAME = AppIcon;
				CLANG_ENABLE_MODULES = YES;
				DEFINES_MODULE = YES;
				DEVELOPMENT_TEAM = "";
				FRAMEWORK_SEARCH_PATHS = "$(inherited)";
				INFOPLIST_FILE = ARCarMovement/Info.plist;
				IPHONEOS_DEPLOYMENT_TARGET = 9.0;
				LD_RUNPATH_SEARCH_PATHS = "$(inherited) @executable_path/Frameworks";
				PRODUCT_BUNDLE_IDENTIFIER = com.antonyraphel.ARCarMovement;
				PRODUCT_NAME = "$(TARGET_NAME)";
				SWIFT_OBJC_BRIDGING_HEADER = "ARCarMovement/ARCarMovement/ARCarMovement-Bridging-Header.h";
				SWIFT_OPTIMIZATION_LEVEL = "-Onone";
				SWIFT_VERSION = 5.0;
			};
			name = Debug;
		};
		7BDA87A11EBB564C0048CD44 /* Release */ = {
			isa = XCBuildConfiguration;
			baseConfigurationReference = 85BE9E362D18E261502D6674 /* Pods-ARCarMovement.release.xcconfig */;
			buildSettings = {
				ALWAYS_EMBED_SWIFT_STANDARD_LIBRARIES = YES;
				ASSETCATALOG_COMPILER_APPICON_NAME = AppIcon;
				CLANG_ENABLE_MODULES = YES;
				DEFINES_MODULE = YES;
				DEVELOPMENT_TEAM = "";
				FRAMEWORK_SEARCH_PATHS = "$(inherited)";
				INFOPLIST_FILE = ARCarMovement/Info.plist;
				IPHONEOS_DEPLOYMENT_TARGET = 9.0;
				LD_RUNPATH_SEARCH_PATHS = "$(inherited) @executable_path/Frameworks";
				PRODUCT_BUNDLE_IDENTIFIER = com.antonyraphel.ARCarMovement;
				PRODUCT_NAME = "$(TARGET_NAME)";
				SWIFT_OBJC_BRIDGING_HEADER = "ARCarMovement/ARCarMovement/ARCarMovement-Bridging-Header.h";
				SWIFT_VERSION = 5.0;
			};
			name = Release;
		};
/* End XCBuildConfiguration section */

/* Begin XCConfigurationList section */
		343FA89A218ACB52005C7001 /* Build configuration list for PBXNativeTarget "ARCarMovementTests" */ = {
			isa = XCConfigurationList;
			buildConfigurations = (
				343FA898218ACB52005C7001 /* Debug */,
				343FA899218ACB52005C7001 /* Release */,
			);
			defaultConfigurationIsVisible = 0;
			defaultConfigurationName = Release;
		};
		7BDA87831EBB564C0048CD44 /* Build configuration list for PBXProject "ARCarMovement" */ = {
			isa = XCConfigurationList;
			buildConfigurations = (
				7BDA879D1EBB564C0048CD44 /* Debug */,
				7BDA879E1EBB564C0048CD44 /* Release */,
			);
			defaultConfigurationIsVisible = 0;
			defaultConfigurationName = Release;
		};
		7BDA879F1EBB564C0048CD44 /* Build configuration list for PBXNativeTarget "ARCarMovement" */ = {
			isa = XCConfigurationList;
			buildConfigurations = (
				7BDA87A01EBB564C0048CD44 /* Debug */,
				7BDA87A11EBB564C0048CD44 /* Release */,
			);
			defaultConfigurationIsVisible = 0;
			defaultConfigurationName = Release;
		};
/* End XCConfigurationList section */
	};
	rootObject = 7BDA87801EBB564C0048CD44 /* Project object */;
}
