PODS:
  - GoogleMaps (3.5.0):
    - GoogleMaps/Maps (= 3.5.0)
  - GoogleMaps/Base (3.5.0)
  - GoogleMaps/Maps (3.5.0):
    - GoogleMaps/Base

DEPENDENCIES:
  - GoogleMaps

SPEC REPOS:
  trunk:
    - GoogleMaps

SPEC CHECKSUMS:
  GoogleMaps: 32ca02de09de357a10ac773f2c70f1986751392d

PODFILE CHECKSUM: 69c3a2daf626d456d7bf4c6a967d6c2497f54e80

COCOAPODS: 1.8.4
